// !$*UTF8*$!
{
	archiveVersion = 1;
	classes = {
	};
	objectVersion = 48;
	objects = {

/* Begin PBXBuildFile section */
		7C07CF0C1F905B53005E6193 /* WyhSDKHeaderTest.m in Sources */ = {isa = PBXBuildFile; fileRef = 7C07CF0B1F905B53005E6193 /* WyhSDKHeaderTest.m */; };
		7C375A841F98684E0043FFEB /* WyhButtonType.m in Sources */ = {isa = PBXBuildFile; fileRef = 7C375A831F98684E0043FFEB /* WyhButtonType.m */; };
		7C3804731F7DEF0E000127A7 /* UIView+WyhUtil.m in Sources */ = {isa = PBXBuildFile; fileRef = 7C38046D1F7DEF0E000127A7 /* UIView+WyhUtil.m */; };
		7C3804741F7DEF0E000127A7 /* UIView+WyhUtil.m in Sources */ = {isa = PBXBuildFile; fileRef = 7C38046D1F7DEF0E000127A7 /* UIView+WyhUtil.m */; };
		7C3804751F7DEF0E000127A7 /* UIView+WyhUtil.m in Sources */ = {isa = PBXBuildFile; fileRef = 7C38046D1F7DEF0E000127A7 /* UIView+WyhUtil.m */; };
		7C3804761F7DEF0E000127A7 /* UIScrollView+WyhUtil.m in Sources */ = {isa = PBXBuildFile; fileRef = 7C3804711F7DEF0E000127A7 /* UIScrollView+WyhUtil.m */; };
		7C3804771F7DEF0E000127A7 /* UIScrollView+WyhUtil.m in Sources */ = {isa = PBXBuildFile; fileRef = 7C3804711F7DEF0E000127A7 /* UIScrollView+WyhUtil.m */; };
		7C3804781F7DEF0E000127A7 /* UIScrollView+WyhUtil.m in Sources */ = {isa = PBXBuildFile; fileRef = 7C3804711F7DEF0E000127A7 /* UIScrollView+WyhUtil.m */; };
		7C38047B1F7DEF3A000127A7 /* WyhUIView.m in Sources */ = {isa = PBXBuildFile; fileRef = 7C38047A1F7DEF3A000127A7 /* WyhUIView.m */; };
		7C38047C1F7DEF3A000127A7 /* WyhUIView.m in Sources */ = {isa = PBXBuildFile; fileRef = 7C38047A1F7DEF3A000127A7 /* WyhUIView.m */; };
		7C38047D1F7DEF3A000127A7 /* WyhUIView.m in Sources */ = {isa = PBXBuildFile; fileRef = 7C38047A1F7DEF3A000127A7 /* WyhUIView.m */; };
		7C3804801F7DEF56000127A7 /* WyhUITextView.m in Sources */ = {isa = PBXBuildFile; fileRef = 7C38047F1F7DEF56000127A7 /* WyhUITextView.m */; };
		7C3804811F7DEF56000127A7 /* WyhUITextView.m in Sources */ = {isa = PBXBuildFile; fileRef = 7C38047F1F7DEF56000127A7 /* WyhUITextView.m */; };
		7C3804821F7DEF56000127A7 /* WyhUITextView.m in Sources */ = {isa = PBXBuildFile; fileRef = 7C38047F1F7DEF56000127A7 /* WyhUITextView.m */; };
		7C3804851F7DEF66000127A7 /* WyhUIScrollView.m in Sources */ = {isa = PBXBuildFile; fileRef = 7C3804841F7DEF66000127A7 /* WyhUIScrollView.m */; };
		7C3804861F7DEF66000127A7 /* WyhUIScrollView.m in Sources */ = {isa = PBXBuildFile; fileRef = 7C3804841F7DEF66000127A7 /* WyhUIScrollView.m */; };
		7C3804871F7DEF66000127A7 /* WyhUIScrollView.m in Sources */ = {isa = PBXBuildFile; fileRef = 7C3804841F7DEF66000127A7 /* WyhUIScrollView.m */; };
		7C38048A1F7DEF77000127A7 /* WyhUILabel.m in Sources */ = {isa = PBXBuildFile; fileRef = 7C3804891F7DEF77000127A7 /* WyhUILabel.m */; };
		7C38048B1F7DEF77000127A7 /* WyhUILabel.m in Sources */ = {isa = PBXBuildFile; fileRef = 7C3804891F7DEF77000127A7 /* WyhUILabel.m */; };
		7C38048C1F7DEF77000127A7 /* WyhUILabel.m in Sources */ = {isa = PBXBuildFile; fileRef = 7C3804891F7DEF77000127A7 /* WyhUILabel.m */; };
		7C38048F1F7DEF89000127A7 /* WyhUIButton.m in Sources */ = {isa = PBXBuildFile; fileRef = 7C38048E1F7DEF89000127A7 /* WyhUIButton.m */; };
		7C3804901F7DEF89000127A7 /* WyhUIButton.m in Sources */ = {isa = PBXBuildFile; fileRef = 7C38048E1F7DEF89000127A7 /* WyhUIButton.m */; };
		7C3804911F7DEF89000127A7 /* WyhUIButton.m in Sources */ = {isa = PBXBuildFile; fileRef = 7C38048E1F7DEF89000127A7 /* WyhUIButton.m */; };
		7C3804971F7DF016000127A7 /* WyhUtil.m in Sources */ = {isa = PBXBuildFile; fileRef = 7C3804961F7DF016000127A7 /* WyhUtil.m */; };
		7C3804981F7DF016000127A7 /* WyhUtil.m in Sources */ = {isa = PBXBuildFile; fileRef = 7C3804961F7DF016000127A7 /* WyhUtil.m */; };
		7C3804991F7DF016000127A7 /* WyhUtil.m in Sources */ = {isa = PBXBuildFile; fileRef = 7C3804961F7DF016000127A7 /* WyhUtil.m */; };
		7C3804A21F7DF228000127A7 /* WyhUITextField.m in Sources */ = {isa = PBXBuildFile; fileRef = 7C3804A11F7DF228000127A7 /* WyhUITextField.m */; };
		7C3804A31F7DF228000127A7 /* WyhUITextField.m in Sources */ = {isa = PBXBuildFile; fileRef = 7C3804A11F7DF228000127A7 /* WyhUITextField.m */; };
		7C3804A41F7DF228000127A7 /* WyhUITextField.m in Sources */ = {isa = PBXBuildFile; fileRef = 7C3804A11F7DF228000127A7 /* WyhUITextField.m */; };
		7C3804B01F7DF3AB000127A7 /* WyhImageUtil.m in Sources */ = {isa = PBXBuildFile; fileRef = 7C3804AC1F7DF3AB000127A7 /* WyhImageUtil.m */; };
		7C3804B11F7DF3AB000127A7 /* WyhImageUtil.m in Sources */ = {isa = PBXBuildFile; fileRef = 7C3804AC1F7DF3AB000127A7 /* WyhImageUtil.m */; };
		7C3804B21F7DF3AB000127A7 /* WyhImageUtil.m in Sources */ = {isa = PBXBuildFile; fileRef = 7C3804AC1F7DF3AB000127A7 /* WyhImageUtil.m */; };
		7C3804B31F7DF3AB000127A7 /* WyhQrCode.m in Sources */ = {isa = PBXBuildFile; fileRef = 7C3804AF1F7DF3AB000127A7 /* WyhQrCode.m */; };
		7C3804B41F7DF3AB000127A7 /* WyhQrCode.m in Sources */ = {isa = PBXBuildFile; fileRef = 7C3804AF1F7DF3AB000127A7 /* WyhQrCode.m */; };
		7C3804B51F7DF3AB000127A7 /* WyhQrCode.m in Sources */ = {isa = PBXBuildFile; fileRef = 7C3804AF1F7DF3AB000127A7 /* WyhQrCode.m */; };
		7C3804B91F7DF4AD000127A7 /* WyhUI.m in Sources */ = {isa = PBXBuildFile; fileRef = 7C3804B81F7DF4AD000127A7 /* WyhUI.m */; };
		7C3804BA1F7DF4AD000127A7 /* WyhUI.m in Sources */ = {isa = PBXBuildFile; fileRef = 7C3804B81F7DF4AD000127A7 /* WyhUI.m */; };
		7C3804BB1F7DF4AD000127A7 /* WyhUI.m in Sources */ = {isa = PBXBuildFile; fileRef = 7C3804B81F7DF4AD000127A7 /* WyhUI.m */; };
		7C3804BE1F7DF532000127A7 /* WyhUIImage.m in Sources */ = {isa = PBXBuildFile; fileRef = 7C3804BD1F7DF532000127A7 /* WyhUIImage.m */; };
		7C3804BF1F7DF532000127A7 /* WyhUIImage.m in Sources */ = {isa = PBXBuildFile; fileRef = 7C3804BD1F7DF532000127A7 /* WyhUIImage.m */; };
		7C3804C01F7DF532000127A7 /* WyhUIImage.m in Sources */ = {isa = PBXBuildFile; fileRef = 7C3804BD1F7DF532000127A7 /* WyhUIImage.m */; };
		7C3804C31F7E30D0000127A7 /* WyhLabelType.m in Sources */ = {isa = PBXBuildFile; fileRef = 7C3804C21F7E30D0000127A7 /* WyhLabelType.m */; };
		7C3804C41F7E30D0000127A7 /* WyhLabelType.m in Sources */ = {isa = PBXBuildFile; fileRef = 7C3804C21F7E30D0000127A7 /* WyhLabelType.m */; };
		7C3804C51F7E30D0000127A7 /* WyhLabelType.m in Sources */ = {isa = PBXBuildFile; fileRef = 7C3804C21F7E30D0000127A7 /* WyhLabelType.m */; };
		7C3EC57A1F9EE5860084142C /* WyhResume.m in Sources */ = {isa = PBXBuildFile; fileRef = 7C3EC5791F9EE5860084142C /* WyhResume.m */; };
		7C3EC57D1F9F18610084142C /* QuartzCore.framework in Frameworks */ = {isa = PBXBuildFile; fileRef = 7C3EC57C1F9F18590084142C /* QuartzCore.framework */; };
		7C3EC5811F9F28210084142C /* WyhViewController.m in Sources */ = {isa = PBXBuildFile; fileRef = 7C3EC5801F9F28210084142C /* WyhViewController.m */; };
		7C48346A1F9844DB007AE30B /* WyhSDKModelTest.m in Sources */ = {isa = PBXBuildFile; fileRef = 7C4834691F9844DB007AE30B /* WyhSDKModelTest.m */; };
		7C4834711F985330007AE30B /* NSObject+Wyh.m in Sources */ = {isa = PBXBuildFile; fileRef = 7C4834701F985330007AE30B /* NSObject+Wyh.m */; };
		7C5224CA1F8C6D9A00A72E99 /* WyhSocket.m in Sources */ = {isa = PBXBuildFile; fileRef = 7C5224C91F8C6D9A00A72E99 /* WyhSocket.m */; };
		7C5224CB1F8C6D9A00A72E99 /* WyhSocket.m in Sources */ = {isa = PBXBuildFile; fileRef = 7C5224C91F8C6D9A00A72E99 /* WyhSocket.m */; };
		7C5224CC1F8C6D9A00A72E99 /* WyhSocket.m in Sources */ = {isa = PBXBuildFile; fileRef = 7C5224C91F8C6D9A00A72E99 /* WyhSocket.m */; };
		7C7F845D1F8B1DF4002C3C9A /* SecondViewController.m in Sources */ = {isa = PBXBuildFile; fileRef = 7C7F845C1F8B1DF4002C3C9A /* SecondViewController.m */; };
		7C7F845E1F8B1DF4002C3C9A /* SecondViewController.m in Sources */ = {isa = PBXBuildFile; fileRef = 7C7F845C1F8B1DF4002C3C9A /* SecondViewController.m */; };
		7C7F845F1F8B1DF4002C3C9A /* SecondViewController.m in Sources */ = {isa = PBXBuildFile; fileRef = 7C7F845C1F8B1DF4002C3C9A /* SecondViewController.m */; };
		7C7F84621F8B1ECD002C3C9A /* FirstViewController.m in Sources */ = {isa = PBXBuildFile; fileRef = 7C7F84611F8B1ECD002C3C9A /* FirstViewController.m */; };
		7C7F84631F8B1ECD002C3C9A /* FirstViewController.m in Sources */ = {isa = PBXBuildFile; fileRef = 7C7F84611F8B1ECD002C3C9A /* FirstViewController.m */; };
		7C7F84641F8B1ECD002C3C9A /* FirstViewController.m in Sources */ = {isa = PBXBuildFile; fileRef = 7C7F84611F8B1ECD002C3C9A /* FirstViewController.m */; };
		7CB04E681F7BAEBB00FFF7FD /* AppDelegate.m in Sources */ = {isa = PBXBuildFile; fileRef = 7CB04E671F7BAEBB00FFF7FD /* AppDelegate.m */; };
		7CB04E6E1F7BAEBB00FFF7FD /* Main.storyboard in Resources */ = {isa = PBXBuildFile; fileRef = 7CB04E6C1F7BAEBB00FFF7FD /* Main.storyboard */; };
		7CB04E711F7BAEBB00FFF7FD /* WyhSDK.xcdatamodeld in Sources */ = {isa = PBXBuildFile; fileRef = 7CB04E6F1F7BAEBB00FFF7FD /* WyhSDK.xcdatamodeld */; };
		7CB04E731F7BAEBB00FFF7FD /* Assets.xcassets in Resources */ = {isa = PBXBuildFile; fileRef = 7CB04E721F7BAEBB00FFF7FD /* Assets.xcassets */; };
		7CB04E761F7BAEBB00FFF7FD /* LaunchScreen.storyboard in Resources */ = {isa = PBXBuildFile; fileRef = 7CB04E741F7BAEBB00FFF7FD /* LaunchScreen.storyboard */; };
		7CB04E791F7BAEBB00FFF7FD /* main.m in Sources */ = {isa = PBXBuildFile; fileRef = 7CB04E781F7BAEBB00FFF7FD /* main.m */; };
		7CB04E831F7BAEBB00FFF7FD /* WyhSDKTests.m in Sources */ = {isa = PBXBuildFile; fileRef = 7CB04E821F7BAEBB00FFF7FD /* WyhSDKTests.m */; };
		7CB04E8E1F7BAEBB00FFF7FD /* WyhSDKUITests.m in Sources */ = {isa = PBXBuildFile; fileRef = 7CB04E8D1F7BAEBB00FFF7FD /* WyhSDKUITests.m */; };
/* End PBXBuildFile section */

/* Begin PBXContainerItemProxy section */
		7CB04E7F1F7BAEBB00FFF7FD /* PBXContainerItemProxy */ = {
			isa = PBXContainerItemProxy;
			containerPortal = 7CB04E5B1F7BAEBB00FFF7FD /* Project object */;
			proxyType = 1;
			remoteGlobalIDString = 7CB04E621F7BAEBB00FFF7FD;
			remoteInfo = WyhSDK;
		};
		7CB04E8A1F7BAEBB00FFF7FD /* PBXContainerItemProxy */ = {
			isa = PBXContainerItemProxy;
			containerPortal = 7CB04E5B1F7BAEBB00FFF7FD /* Project object */;
			proxyType = 1;
			remoteGlobalIDString = 7CB04E621F7BAEBB00FFF7FD;
			remoteInfo = WyhSDK;
		};
/* End PBXContainerItemProxy section */

/* Begin PBXFileReference section */
		7C07CF0A1F905B53005E6193 /* WyhSDKHeaderTest.h */ = {isa = PBXFileReference; lastKnownFileType = sourcecode.c.h; path = WyhSDKHeaderTest.h; sourceTree = "<group>"; };
		7C07CF0B1F905B53005E6193 /* WyhSDKHeaderTest.m */ = {isa = PBXFileReference; lastKnownFileType = sourcecode.c.objc; path = WyhSDKHeaderTest.m; sourceTree = "<group>"; };
		7C375A821F98684E0043FFEB /* WyhButtonType.h */ = {isa = PBXFileReference; lastKnownFileType = sourcecode.c.h; path = WyhButtonType.h; sourceTree = "<group>"; };
		7C375A831F98684E0043FFEB /* WyhButtonType.m */ = {isa = PBXFileReference; lastKnownFileType = sourcecode.c.objc; path = WyhButtonType.m; sourceTree = "<group>"; };
		7C38046C1F7DEF0E000127A7 /* UIView+WyhUtil.h */ = {isa = PBXFileReference; fileEncoding = 4; lastKnownFileType = sourcecode.c.h; path = "UIView+WyhUtil.h"; sourceTree = "<group>"; };
		7C38046D1F7DEF0E000127A7 /* UIView+WyhUtil.m */ = {isa = PBXFileReference; fileEncoding = 4; lastKnownFileType = sourcecode.c.objc; path = "UIView+WyhUtil.m"; sourceTree = "<group>"; };
		7C3804701F7DEF0E000127A7 /* UIScrollView+WyhUtil.h */ = {isa = PBXFileReference; fileEncoding = 4; lastKnownFileType = sourcecode.c.h; path = "UIScrollView+WyhUtil.h"; sourceTree = "<group>"; };
		7C3804711F7DEF0E000127A7 /* UIScrollView+WyhUtil.m */ = {isa = PBXFileReference; fileEncoding = 4; lastKnownFileType = sourcecode.c.objc; path = "UIScrollView+WyhUtil.m"; sourceTree = "<group>"; };
		7C3804791F7DEF3A000127A7 /* WyhUIView.h */ = {isa = PBXFileReference; lastKnownFileType = sourcecode.c.h; path = WyhUIView.h; sourceTree = "<group>"; };
		7C38047A1F7DEF3A000127A7 /* WyhUIView.m */ = {isa = PBXFileReference; lastKnownFileType = sourcecode.c.objc; path = WyhUIView.m; sourceTree = "<group>"; };
		7C38047E1F7DEF56000127A7 /* WyhUITextView.h */ = {isa = PBXFileReference; lastKnownFileType = sourcecode.c.h; path = WyhUITextView.h; sourceTree = "<group>"; };
		7C38047F1F7DEF56000127A7 /* WyhUITextView.m */ = {isa = PBXFileReference; lastKnownFileType = sourcecode.c.objc; path = WyhUITextView.m; sourceTree = "<group>"; };
		7C3804831F7DEF66000127A7 /* WyhUIScrollView.h */ = {isa = PBXFileReference; lastKnownFileType = sourcecode.c.h; path = WyhUIScrollView.h; sourceTree = "<group>"; };
		7C3804841F7DEF66000127A7 /* WyhUIScrollView.m */ = {isa = PBXFileReference; lastKnownFileType = sourcecode.c.objc; path = WyhUIScrollView.m; sourceTree = "<group>"; };
		7C3804881F7DEF77000127A7 /* WyhUILabel.h */ = {isa = PBXFileReference; lastKnownFileType = sourcecode.c.h; path = WyhUILabel.h; sourceTree = "<group>"; };
		7C3804891F7DEF77000127A7 /* WyhUILabel.m */ = {isa = PBXFileReference; lastKnownFileType = sourcecode.c.objc; path = WyhUILabel.m; sourceTree = "<group>"; };
		7C38048D1F7DEF89000127A7 /* WyhUIButton.h */ = {isa = PBXFileReference; lastKnownFileType = sourcecode.c.h; path = WyhUIButton.h; sourceTree = "<group>"; };
		7C38048E1F7DEF89000127A7 /* WyhUIButton.m */ = {isa = PBXFileReference; lastKnownFileType = sourcecode.c.objc; path = WyhUIButton.m; sourceTree = "<group>"; };
		7C3804931F7DF016000127A7 /* WyhConstant.h */ = {isa = PBXFileReference; fileEncoding = 4; lastKnownFileType = sourcecode.c.h; path = WyhConstant.h; sourceTree = "<group>"; };
		7C3804941F7DF016000127A7 /* WyhPrefixHeader.pch */ = {isa = PBXFileReference; fileEncoding = 4; lastKnownFileType = sourcecode.c.h; path = WyhPrefixHeader.pch; sourceTree = "<group>"; };
		7C3804951F7DF016000127A7 /* WyhUtil.h */ = {isa = PBXFileReference; fileEncoding = 4; lastKnownFileType = sourcecode.c.h; path = WyhUtil.h; sourceTree = "<group>"; };
		7C3804961F7DF016000127A7 /* WyhUtil.m */ = {isa = PBXFileReference; fileEncoding = 4; lastKnownFileType = sourcecode.c.objc; path = WyhUtil.m; sourceTree = "<group>"; };
		7C3804A01F7DF228000127A7 /* WyhUITextField.h */ = {isa = PBXFileReference; lastKnownFileType = sourcecode.c.h; path = WyhUITextField.h; sourceTree = "<group>"; };
		7C3804A11F7DF228000127A7 /* WyhUITextField.m */ = {isa = PBXFileReference; lastKnownFileType = sourcecode.c.objc; path = WyhUITextField.m; sourceTree = "<group>"; };
		7C3804AB1F7DF3AB000127A7 /* WyhImageUtil.h */ = {isa = PBXFileReference; fileEncoding = 4; lastKnownFileType = sourcecode.c.h; path = WyhImageUtil.h; sourceTree = "<group>"; };
		7C3804AC1F7DF3AB000127A7 /* WyhImageUtil.m */ = {isa = PBXFileReference; fileEncoding = 4; lastKnownFileType = sourcecode.c.objc; path = WyhImageUtil.m; sourceTree = "<group>"; };
		7C3804AE1F7DF3AB000127A7 /* WyhQrCode.h */ = {isa = PBXFileReference; fileEncoding = 4; lastKnownFileType = sourcecode.c.h; path = WyhQrCode.h; sourceTree = "<group>"; };
		7C3804AF1F7DF3AB000127A7 /* WyhQrCode.m */ = {isa = PBXFileReference; fileEncoding = 4; lastKnownFileType = sourcecode.c.objc; path = WyhQrCode.m; sourceTree = "<group>"; };
		7C3804B61F7DF406000127A7 /* WyhFrameWork.h */ = {isa = PBXFileReference; lastKnownFileType = sourcecode.c.h; path = WyhFrameWork.h; sourceTree = "<group>"; };
		7C3804B71F7DF4AD000127A7 /* WyhUI.h */ = {isa = PBXFileReference; lastKnownFileType = sourcecode.c.h; path = WyhUI.h; sourceTree = "<group>"; };
		7C3804B81F7DF4AD000127A7 /* WyhUI.m */ = {isa = PBXFileReference; lastKnownFileType = sourcecode.c.objc; path = WyhUI.m; sourceTree = "<group>"; };
		7C3804BC1F7DF532000127A7 /* WyhUIImage.h */ = {isa = PBXFileReference; lastKnownFileType = sourcecode.c.h; path = WyhUIImage.h; sourceTree = "<group>"; };
		7C3804BD1F7DF532000127A7 /* WyhUIImage.m */ = {isa = PBXFileReference; lastKnownFileType = sourcecode.c.objc; path = WyhUIImage.m; sourceTree = "<group>"; };
		7C3804C11F7E30D0000127A7 /* WyhLabelType.h */ = {isa = PBXFileReference; lastKnownFileType = sourcecode.c.h; path = WyhLabelType.h; sourceTree = "<group>"; };
		7C3804C21F7E30D0000127A7 /* WyhLabelType.m */ = {isa = PBXFileReference; lastKnownFileType = sourcecode.c.objc; path = WyhLabelType.m; sourceTree = "<group>"; };
		7C3EC5781F9EE5860084142C /* WyhResume.h */ = {isa = PBXFileReference; lastKnownFileType = sourcecode.c.h; path = WyhResume.h; sourceTree = "<group>"; };
		7C3EC5791F9EE5860084142C /* WyhResume.m */ = {isa = PBXFileReference; lastKnownFileType = sourcecode.c.objc; path = WyhResume.m; sourceTree = "<group>"; };
		7C3EC57C1F9F18590084142C /* QuartzCore.framework */ = {isa = PBXFileReference; lastKnownFileType = wrapper.framework; name = QuartzCore.framework; path = System/Library/Frameworks/QuartzCore.framework; sourceTree = SDKROOT; };
		7C3EC57F1F9F28210084142C /* WyhViewController.h */ = {isa = PBXFileReference; lastKnownFileType = sourcecode.c.h; path = WyhViewController.h; sourceTree = "<group>"; };
		7C3EC5801F9F28210084142C /* WyhViewController.m */ = {isa = PBXFileReference; lastKnownFileType = sourcecode.c.objc; path = WyhViewController.m; sourceTree = "<group>"; };
		7C4834681F9844DB007AE30B /* WyhSDKModelTest.h */ = {isa = PBXFileReference; lastKnownFileType = sourcecode.c.h; path = WyhSDKModelTest.h; sourceTree = "<group>"; };
		7C4834691F9844DB007AE30B /* WyhSDKModelTest.m */ = {isa = PBXFileReference; lastKnownFileType = sourcecode.c.objc; path = WyhSDKModelTest.m; sourceTree = "<group>"; };
		7C48346F1F985330007AE30B /* NSObject+Wyh.h */ = {isa = PBXFileReference; lastKnownFileType = sourcecode.c.h; path = "NSObject+Wyh.h"; sourceTree = "<group>"; };
		7C4834701F985330007AE30B /* NSObject+Wyh.m */ = {isa = PBXFileReference; lastKnownFileType = sourcecode.c.objc; path = "NSObject+Wyh.m"; sourceTree = "<group>"; };
		7C5224C81F8C6D9A00A72E99 /* WyhSocket.h */ = {isa = PBXFileReference; lastKnownFileType = sourcecode.c.h; path = WyhSocket.h; sourceTree = "<group>"; };
		7C5224C91F8C6D9A00A72E99 /* WyhSocket.m */ = {isa = PBXFileReference; lastKnownFileType = sourcecode.c.objc; path = WyhSocket.m; sourceTree = "<group>"; };
		7C7F845B1F8B1DF4002C3C9A /* SecondViewController.h */ = {isa = PBXFileReference; lastKnownFileType = sourcecode.c.h; path = SecondViewController.h; sourceTree = "<group>"; };
		7C7F845C1F8B1DF4002C3C9A /* SecondViewController.m */ = {isa = PBXFileReference; lastKnownFileType = sourcecode.c.objc; path = SecondViewController.m; sourceTree = "<group>"; };
		7C7F84601F8B1ECD002C3C9A /* FirstViewController.h */ = {isa = PBXFileReference; lastKnownFileType = sourcecode.c.h; path = FirstViewController.h; sourceTree = "<group>"; };
		7C7F84611F8B1ECD002C3C9A /* FirstViewController.m */ = {isa = PBXFileReference; lastKnownFileType = sourcecode.c.objc; path = FirstViewController.m; sourceTree = "<group>"; usesTabs = 0; };
		7CB04E631F7BAEBB00FFF7FD /* WyhSDK.app */ = {isa = PBXFileReference; explicitFileType = wrapper.application; includeInIndex = 0; path = WyhSDK.app; sourceTree = BUILT_PRODUCTS_DIR; };
		7CB04E661F7BAEBB00FFF7FD /* AppDelegate.h */ = {isa = PBXFileReference; lastKnownFileType = sourcecode.c.h; path = AppDelegate.h; sourceTree = "<group>"; };
		7CB04E671F7BAEBB00FFF7FD /* AppDelegate.m */ = {isa = PBXFileReference; lastKnownFileType = sourcecode.c.objc; path = AppDelegate.m; sourceTree = "<group>"; };
		7CB04E6D1F7BAEBB00FFF7FD /* Base */ = {isa = PBXFileReference; lastKnownFileType = file.storyboard; name = Base; path = Base.lproj/Main.storyboard; sourceTree = "<group>"; };
		7CB04E701F7BAEBB00FFF7FD /* WyhSDK.xcdatamodel */ = {isa = PBXFileReference; lastKnownFileType = wrapper.xcdatamodel; path = WyhSDK.xcdatamodel; sourceTree = "<group>"; };
		7CB04E721F7BAEBB00FFF7FD /* Assets.xcassets */ = {isa = PBXFileReference; lastKnownFileType = folder.assetcatalog; path = Assets.xcassets; sourceTree = "<group>"; };
		7CB04E751F7BAEBB00FFF7FD /* Base */ = {isa = PBXFileReference; lastKnownFileType = file.storyboard; name = Base; path = Base.lproj/LaunchScreen.storyboard; sourceTree = "<group>"; };
		7CB04E771F7BAEBB00FFF7FD /* Info.plist */ = {isa = PBXFileReference; lastKnownFileType = text.plist.xml; path = Info.plist; sourceTree = "<group>"; };
		7CB04E781F7BAEBB00FFF7FD /* main.m */ = {isa = PBXFileReference; lastKnownFileType = sourcecode.c.objc; path = main.m; sourceTree = "<group>"; };
		7CB04E7E1F7BAEBB00FFF7FD /* WyhSDKTests.xctest */ = {isa = PBXFileReference; explicitFileType = wrapper.cfbundle; includeInIndex = 0; path = WyhSDKTests.xctest; sourceTree = BUILT_PRODUCTS_DIR; };
		7CB04E821F7BAEBB00FFF7FD /* WyhSDKTests.m */ = {isa = PBXFileReference; lastKnownFileType = sourcecode.c.objc; path = WyhSDKTests.m; sourceTree = "<group>"; };
		7CB04E841F7BAEBB00FFF7FD /* Info.plist */ = {isa = PBXFileReference; lastKnownFileType = text.plist.xml; path = Info.plist; sourceTree = "<group>"; };
		7CB04E891F7BAEBB00FFF7FD /* WyhSDKUITests.xctest */ = {isa = PBXFileReference; explicitFileType = wrapper.cfbundle; includeInIndex = 0; path = WyhSDKUITests.xctest; sourceTree = BUILT_PRODUCTS_DIR; };
		7CB04E8D1F7BAEBB00FFF7FD /* WyhSDKUITests.m */ = {isa = PBXFileReference; lastKnownFileType = sourcecode.c.objc; path = WyhSDKUITests.m; sourceTree = "<group>"; };
		7CB04E8F1F7BAEBB00FFF7FD /* Info.plist */ = {isa = PBXFileReference; lastKnownFileType = text.plist.xml; path = Info.plist; sourceTree = "<group>"; };
/* End PBXFileReference section */

/* Begin PBXFrameworksBuildPhase section */
		7CB04E601F7BAEBB00FFF7FD /* Frameworks */ = {
			isa = PBXFrameworksBuildPhase;
			buildActionMask = 2147483647;
			files = (
				7C3EC57D1F9F18610084142C /* QuartzCore.framework in Frameworks */,
			);
			runOnlyForDeploymentPostprocessing = 0;
		};
		7CB04E7B1F7BAEBB00FFF7FD /* Frameworks */ = {
			isa = PBXFrameworksBuildPhase;
			buildActionMask = 2147483647;
			files = (
			);
			runOnlyForDeploymentPostprocessing = 0;
		};
		7CB04E861F7BAEBB00FFF7FD /* Frameworks */ = {
			isa = PBXFrameworksBuildPhase;
			buildActionMask = 2147483647;
			files = (
			);
			runOnlyForDeploymentPostprocessing = 0;
		};
/* End PBXFrameworksBuildPhase section */

/* Begin PBXGroup section */
		7C38046A1F7DEF0E000127A7 /* WyhUILabel */ = {
			isa = PBXGroup;
			children = (
				7C3804881F7DEF77000127A7 /* WyhUILabel.h */,
				7C3804891F7DEF77000127A7 /* WyhUILabel.m */,
				7C3804C11F7E30D0000127A7 /* WyhLabelType.h */,
				7C3804C21F7E30D0000127A7 /* WyhLabelType.m */,
			);
			path = WyhUILabel;
			sourceTree = "<group>";
		};
		7C38046B1F7DEF0E000127A7 /* WyhUIView */ = {
			isa = PBXGroup;
			children = (
				7C38046C1F7DEF0E000127A7 /* UIView+WyhUtil.h */,
				7C38046D1F7DEF0E000127A7 /* UIView+WyhUtil.m */,
				7C3804791F7DEF3A000127A7 /* WyhUIView.h */,
				7C38047A1F7DEF3A000127A7 /* WyhUIView.m */,
			);
			path = WyhUIView;
			sourceTree = "<group>";
		};
		7C38046E1F7DEF0E000127A7 /* WyhUIButton */ = {
			isa = PBXGroup;
			children = (
				7C38048D1F7DEF89000127A7 /* WyhUIButton.h */,
				7C38048E1F7DEF89000127A7 /* WyhUIButton.m */,
				7C375A821F98684E0043FFEB /* WyhButtonType.h */,
				7C375A831F98684E0043FFEB /* WyhButtonType.m */,
			);
			path = WyhUIButton;
			sourceTree = "<group>";
		};
		7C38046F1F7DEF0E000127A7 /* WyhUIScrollView */ = {
			isa = PBXGroup;
			children = (
				7C3804701F7DEF0E000127A7 /* UIScrollView+WyhUtil.h */,
				7C3804711F7DEF0E000127A7 /* UIScrollView+WyhUtil.m */,
				7C3804831F7DEF66000127A7 /* WyhUIScrollView.h */,
				7C3804841F7DEF66000127A7 /* WyhUIScrollView.m */,
			);
			path = WyhUIScrollView;
			sourceTree = "<group>";
		};
		7C3804721F7DEF0E000127A7 /* WyhUITextView */ = {
			isa = PBXGroup;
			children = (
				7C38047E1F7DEF56000127A7 /* WyhUITextView.h */,
				7C38047F1F7DEF56000127A7 /* WyhUITextView.m */,
			);
			path = WyhUITextView;
			sourceTree = "<group>";
		};
		7C3804921F7DF016000127A7 /* WyhUtil */ = {
			isa = PBXGroup;
			children = (
				7C3804931F7DF016000127A7 /* WyhConstant.h */,
				7C3804941F7DF016000127A7 /* WyhPrefixHeader.pch */,
				7C3804951F7DF016000127A7 /* WyhUtil.h */,
				7C3804961F7DF016000127A7 /* WyhUtil.m */,
				7C3804B61F7DF406000127A7 /* WyhFrameWork.h */,
				7C3804B71F7DF4AD000127A7 /* WyhUI.h */,
				7C3804B81F7DF4AD000127A7 /* WyhUI.m */,
			);
			path = WyhUtil;
			sourceTree = "<group>";
		};
		7C38049F1F7DF215000127A7 /* WyhUITextField */ = {
			isa = PBXGroup;
			children = (
				7C3804A01F7DF228000127A7 /* WyhUITextField.h */,
				7C3804A11F7DF228000127A7 /* WyhUITextField.m */,
			);
			path = WyhUITextField;
			sourceTree = "<group>";
		};
		7C3804AA1F7DF3AB000127A7 /* WyhImage */ = {
			isa = PBXGroup;
			children = (
				7C3804AB1F7DF3AB000127A7 /* WyhImageUtil.h */,
				7C3804AC1F7DF3AB000127A7 /* WyhImageUtil.m */,
				7C3804BC1F7DF532000127A7 /* WyhUIImage.h */,
				7C3804BD1F7DF532000127A7 /* WyhUIImage.m */,
			);
			path = WyhImage;
			sourceTree = "<group>";
		};
		7C3804AD1F7DF3AB000127A7 /* WyhQrCode */ = {
			isa = PBXGroup;
			children = (
				7C3804AE1F7DF3AB000127A7 /* WyhQrCode.h */,
				7C3804AF1F7DF3AB000127A7 /* WyhQrCode.m */,
			);
			path = WyhQrCode;
			sourceTree = "<group>";
		};
		7C3EC57B1F9F18580084142C /* Frameworks */ = {
			isa = PBXGroup;
			children = (
				7C3EC57C1F9F18590084142C /* QuartzCore.framework */,
			);
			name = Frameworks;
			sourceTree = "<group>";
		};
		7C3EC57E1F9F28120084142C /* WyhUIController */ = {
			isa = PBXGroup;
			children = (
				7C3EC57F1F9F28210084142C /* WyhViewController.h */,
				7C3EC5801F9F28210084142C /* WyhViewController.m */,
			);
			path = WyhUIController;
			sourceTree = "<group>";
		};
		7C48346B1F9852F6007AE30B /* WyhNSObject */ = {
			isa = PBXGroup;
			children = (
				7C48346F1F985330007AE30B /* NSObject+Wyh.h */,
				7C4834701F985330007AE30B /* NSObject+Wyh.m */,
			);
			path = WyhNSObject;
			sourceTree = "<group>";
		};
		7C5224C71F8C6D4200A72E99 /* WyhNetUtil */ = {
			isa = PBXGroup;
			children = (
				7C5224C81F8C6D9A00A72E99 /* WyhSocket.h */,
				7C5224C91F8C6D9A00A72E99 /* WyhSocket.m */,
			);
			path = WyhNetUtil;
			sourceTree = "<group>";
		};
		7CB04E5A1F7BAEBB00FFF7FD = {
			isa = PBXGroup;
			children = (
				7CB04E651F7BAEBB00FFF7FD /* WyhSDK */,
				7CB04E811F7BAEBB00FFF7FD /* WyhSDKTests */,
				7CB04E8C1F7BAEBB00FFF7FD /* WyhSDKUITests */,
				7CB04E641F7BAEBB00FFF7FD /* Products */,
				7C3EC57B1F9F18580084142C /* Frameworks */,
			);
			sourceTree = "<group>";
		};
		7CB04E641F7BAEBB00FFF7FD /* Products */ = {
			isa = PBXGroup;
			children = (
				7CB04E631F7BAEBB00FFF7FD /* WyhSDK.app */,
				7CB04E7E1F7BAEBB00FFF7FD /* WyhSDKTests.xctest */,
				7CB04E891F7BAEBB00FFF7FD /* WyhSDKUITests.xctest */,
			);
			name = Products;
			sourceTree = "<group>";
		};
		7CB04E651F7BAEBB00FFF7FD /* WyhSDK */ = {
			isa = PBXGroup;
			children = (
				7CB04E9B1F7BAEFB00FFF7FD /* Configuration */,
				7CB04E661F7BAEBB00FFF7FD /* AppDelegate.h */,
				7CB04E671F7BAEBB00FFF7FD /* AppDelegate.m */,
				7C7F84601F8B1ECD002C3C9A /* FirstViewController.h */,
				7C7F84611F8B1ECD002C3C9A /* FirstViewController.m */,
				7C7F845B1F8B1DF4002C3C9A /* SecondViewController.h */,
				7C7F845C1F8B1DF4002C3C9A /* SecondViewController.m */,
				7C07CF0A1F905B53005E6193 /* WyhSDKHeaderTest.h */,
				7C07CF0B1F905B53005E6193 /* WyhSDKHeaderTest.m */,
				7C4834681F9844DB007AE30B /* WyhSDKModelTest.h */,
				7C4834691F9844DB007AE30B /* WyhSDKModelTest.m */,
				7C3EC5781F9EE5860084142C /* WyhResume.h */,
				7C3EC5791F9EE5860084142C /* WyhResume.m */,
				7CB04E6C1F7BAEBB00FFF7FD /* Main.storyboard */,
				7CB04E721F7BAEBB00FFF7FD /* Assets.xcassets */,
				7CB04E741F7BAEBB00FFF7FD /* LaunchScreen.storyboard */,
				7CB04E771F7BAEBB00FFF7FD /* Info.plist */,
				7CB04E781F7BAEBB00FFF7FD /* main.m */,
				7CB04E6F1F7BAEBB00FFF7FD /* WyhSDK.xcdatamodeld */,
			);
			path = WyhSDK;
			sourceTree = "<group>";
		};
		7CB04E811F7BAEBB00FFF7FD /* WyhSDKTests */ = {
			isa = PBXGroup;
			children = (
				7CB04E821F7BAEBB00FFF7FD /* WyhSDKTests.m */,
				7CB04E841F7BAEBB00FFF7FD /* Info.plist */,
			);
			path = WyhSDKTests;
			sourceTree = "<group>";
		};
		7CB04E8C1F7BAEBB00FFF7FD /* WyhSDKUITests */ = {
			isa = PBXGroup;
			children = (
				7CB04E8D1F7BAEBB00FFF7FD /* WyhSDKUITests.m */,
				7CB04E8F1F7BAEBB00FFF7FD /* Info.plist */,
			);
			path = WyhSDKUITests;
			sourceTree = "<group>";
		};
		7CB04E9B1F7BAEFB00FFF7FD /* Configuration */ = {
			isa = PBXGroup;
			children = (
				7C3EC57E1F9F28120084142C /* WyhUIController */,
				7C48346B1F9852F6007AE30B /* WyhNSObject */,
				7C5224C71F8C6D4200A72E99 /* WyhNetUtil */,
				7C3804AA1F7DF3AB000127A7 /* WyhImage */,
				7C3804AD1F7DF3AB000127A7 /* WyhQrCode */,
				7C38049F1F7DF215000127A7 /* WyhUITextField */,
				7C3804921F7DF016000127A7 /* WyhUtil */,
				7C38046E1F7DEF0E000127A7 /* WyhUIButton */,
				7C38046A1F7DEF0E000127A7 /* WyhUILabel */,
				7C38046F1F7DEF0E000127A7 /* WyhUIScrollView */,
				7C3804721F7DEF0E000127A7 /* WyhUITextView */,
				7C38046B1F7DEF0E000127A7 /* WyhUIView */,
			);
			path = Configuration;
			sourceTree = "<group>";
		};
/* End PBXGroup section */

/* Begin PBXNativeTarget section */
		7CB04E621F7BAEBB00FFF7FD /* WyhSDK */ = {
			isa = PBXNativeTarget;
			buildConfigurationList = 7CB04E921F7BAEBB00FFF7FD /* Build configuration list for PBXNativeTarget "WyhSDK" */;
			buildPhases = (
				7CB04E5F1F7BAEBB00FFF7FD /* Sources */,
				7CB04E601F7BAEBB00FFF7FD /* Frameworks */,
				7CB04E611F7BAEBB00FFF7FD /* Resources */,
			);
			buildRules = (
			);
			dependencies = (
			);
			name = WyhSDK;
			productName = WyhSDK;
			productReference = 7CB04E631F7BAEBB00FFF7FD /* WyhSDK.app */;
			productType = "com.apple.product-type.application";
		};
		7CB04E7D1F7BAEBB00FFF7FD /* WyhSDKTests */ = {
			isa = PBXNativeTarget;
			buildConfigurationList = 7CB04E951F7BAEBB00FFF7FD /* Build configuration list for PBXNativeTarget "WyhSDKTests" */;
			buildPhases = (
				7CB04E7A1F7BAEBB00FFF7FD /* Sources */,
				7CB04E7B1F7BAEBB00FFF7FD /* Frameworks */,
				7CB04E7C1F7BAEBB00FFF7FD /* Resources */,
			);
			buildRules = (
			);
			dependencies = (
				7CB04E801F7BAEBB00FFF7FD /* PBXTargetDependency */,
			);
			name = WyhSDKTests;
			productName = WyhSDKTests;
			productReference = 7CB04E7E1F7BAEBB00FFF7FD /* WyhSDKTests.xctest */;
			productType = "com.apple.product-type.bundle.unit-test";
		};
		7CB04E881F7BAEBB00FFF7FD /* WyhSDKUITests */ = {
			isa = PBXNativeTarget;
			buildConfigurationList = 7CB04E981F7BAEBB00FFF7FD /* Build configuration list for PBXNativeTarget "WyhSDKUITests" */;
			buildPhases = (
				7CB04E851F7BAEBB00FFF7FD /* Sources */,
				7CB04E861F7BAEBB00FFF7FD /* Frameworks */,
				7CB04E871F7BAEBB00FFF7FD /* Resources */,
			);
			buildRules = (
			);
			dependencies = (
				7CB04E8B1F7BAEBB00FFF7FD /* PBXTargetDependency */,
			);
			name = WyhSDKUITests;
			productName = WyhSDKUITests;
			productReference = 7CB04E891F7BAEBB00FFF7FD /* WyhSDKUITests.xctest */;
			productType = "com.apple.product-type.bundle.ui-testing";
		};
/* End PBXNativeTarget section */

/* Begin PBXProject section */
		7CB04E5B1F7BAEBB00FFF7FD /* Project object */ = {
			isa = PBXProject;
			attributes = {
				LastUpgradeCheck = 0900;
				ORGANIZATIONNAME = "王乙涵";
				TargetAttributes = {
					7CB04E621F7BAEBB00FFF7FD = {
						CreatedOnToolsVersion = 9.0;
						ProvisioningStyle = Manual;
					};
					7CB04E7D1F7BAEBB00FFF7FD = {
						CreatedOnToolsVersion = 9.0;
						ProvisioningStyle = Automatic;
						TestTargetID = 7CB04E621F7BAEBB00FFF7FD;
					};
					7CB04E881F7BAEBB00FFF7FD = {
						CreatedOnToolsVersion = 9.0;
						ProvisioningStyle = Automatic;
						TestTargetID = 7CB04E621F7BAEBB00FFF7FD;
					};
				};
			};
			buildConfigurationList = 7CB04E5E1F7BAEBB00FFF7FD /* Build configuration list for PBXProject "WyhSDK" */;
			compatibilityVersion = "Xcode 8.0";
			developmentRegion = en;
			hasScannedForEncodings = 0;
			knownRegions = (
				en,
				Base,
			);
			mainGroup = 7CB04E5A1F7BAEBB00FFF7FD;
			productRefGroup = 7CB04E641F7BAEBB00FFF7FD /* Products */;
			projectDirPath = "";
			projectRoot = "";
			targets = (
				7CB04E621F7BAEBB00FFF7FD /* WyhSDK */,
				7CB04E7D1F7BAEBB00FFF7FD /* WyhSDKTests */,
				7CB04E881F7BAEBB00FFF7FD /* WyhSDKUITests */,
			);
		};
/* End PBXProject section */

/* Begin PBXResourcesBuildPhase section */
		7CB04E611F7BAEBB00FFF7FD /* Resources */ = {
			isa = PBXResourcesBuildPhase;
			buildActionMask = 2147483647;
			files = (
				7CB04E761F7BAEBB00FFF7FD /* LaunchScreen.storyboard in Resources */,
				7CB04E731F7BAEBB00FFF7FD /* Assets.xcassets in Resources */,
				7CB04E6E1F7BAEBB00FFF7FD /* Main.storyboard in Resources */,
			);
			runOnlyForDeploymentPostprocessing = 0;
		};
		7CB04E7C1F7BAEBB00FFF7FD /* Resources */ = {
			isa = PBXResourcesBuildPhase;
			buildActionMask = 2147483647;
			files = (
			);
			runOnlyForDeploymentPostprocessing = 0;
		};
		7CB04E871F7BAEBB00FFF7FD /* Resources */ = {
			isa = PBXResourcesBuildPhase;
			buildActionMask = 2147483647;
			files = (
			);
			runOnlyForDeploymentPostprocessing = 0;
		};
/* End PBXResourcesBuildPhase section */

/* Begin PBXSourcesBuildPhase section */
		7CB04E5F1F7BAEBB00FFF7FD /* Sources */ = {
			isa = PBXSourcesBuildPhase;
			buildActionMask = 2147483647;
			files = (
				7C7F845D1F8B1DF4002C3C9A /* SecondViewController.m in Sources */,
				7C3804731F7DEF0E000127A7 /* UIView+WyhUtil.m in Sources */,
				7C3804971F7DF016000127A7 /* WyhUtil.m in Sources */,
				7C3804851F7DEF66000127A7 /* WyhUIScrollView.m in Sources */,
				7CB04E681F7BAEBB00FFF7FD /* AppDelegate.m in Sources */,
				7C3804C31F7E30D0000127A7 /* WyhLabelType.m in Sources */,
				7C38048A1F7DEF77000127A7 /* WyhUILabel.m in Sources */,
				7C7F84621F8B1ECD002C3C9A /* FirstViewController.m in Sources */,
				7CB04E791F7BAEBB00FFF7FD /* main.m in Sources */,
				7C3804BE1F7DF532000127A7 /* WyhUIImage.m in Sources */,
				7C3804B31F7DF3AB000127A7 /* WyhQrCode.m in Sources */,
				7C3EC57A1F9EE5860084142C /* WyhResume.m in Sources */,
				7C3804B91F7DF4AD000127A7 /* WyhUI.m in Sources */,
				7C4834711F985330007AE30B /* NSObject+Wyh.m in Sources */,
				7CB04E711F7BAEBB00FFF7FD /* WyhSDK.xcdatamodeld in Sources */,
				7C48346A1F9844DB007AE30B /* WyhSDKModelTest.m in Sources */,
				7C3804B01F7DF3AB000127A7 /* WyhImageUtil.m in Sources */,
				7C375A841F98684E0043FFEB /* WyhButtonType.m in Sources */,
				7C3804761F7DEF0E000127A7 /* UIScrollView+WyhUtil.m in Sources */,
				7C3804A21F7DF228000127A7 /* WyhUITextField.m in Sources */,
				7C3804801F7DEF56000127A7 /* WyhUITextView.m in Sources */,
				7C38048F1F7DEF89000127A7 /* WyhUIButton.m in Sources */,
				7C5224CA1F8C6D9A00A72E99 /* WyhSocket.m in Sources */,
				7C3EC5811F9F28210084142C /* WyhViewController.m in Sources */,
				7C07CF0C1F905B53005E6193 /* WyhSDKHeaderTest.m in Sources */,
				7C38047B1F7DEF3A000127A7 /* WyhUIView.m in Sources */,
			);
			runOnlyForDeploymentPostprocessing = 0;
		};
		7CB04E7A1F7BAEBB00FFF7FD /* Sources */ = {
			isa = PBXSourcesBuildPhase;
			buildActionMask = 2147483647;
			files = (
				7C5224CB1F8C6D9A00A72E99 /* WyhSocket.m in Sources */,
				7C7F84631F8B1ECD002C3C9A /* FirstViewController.m in Sources */,
				7C3804BF1F7DF532000127A7 /* WyhUIImage.m in Sources */,
				7C38047C1F7DEF3A000127A7 /* WyhUIView.m in Sources */,
				7C3804BA1F7DF4AD000127A7 /* WyhUI.m in Sources */,
				7C3804A31F7DF228000127A7 /* WyhUITextField.m in Sources */,
				7C3804901F7DEF89000127A7 /* WyhUIButton.m in Sources */,
				7C3804B11F7DF3AB000127A7 /* WyhImageUtil.m in Sources */,
				7C3804B41F7DF3AB000127A7 /* WyhQrCode.m in Sources */,
				7C3804981F7DF016000127A7 /* WyhUtil.m in Sources */,
				7C3804741F7DEF0E000127A7 /* UIView+WyhUtil.m in Sources */,
				7C3804771F7DEF0E000127A7 /* UIScrollView+WyhUtil.m in Sources */,
				7C7F845E1F8B1DF4002C3C9A /* SecondViewController.m in Sources */,
				7C3804811F7DEF56000127A7 /* WyhUITextView.m in Sources */,
				7C3804C41F7E30D0000127A7 /* WyhLabelType.m in Sources */,
				7C38048B1F7DEF77000127A7 /* WyhUILabel.m in Sources */,
				7C3804861F7DEF66000127A7 /* WyhUIScrollView.m in Sources */,
				7CB04E831F7BAEBB00FFF7FD /* WyhSDKTests.m in Sources */,
			);
			runOnlyForDeploymentPostprocessing = 0;
		};
		7CB04E851F7BAEBB00FFF7FD /* Sources */ = {
			isa = PBXSourcesBuildPhase;
			buildActionMask = 2147483647;
			files = (
				7C5224CC1F8C6D9A00A72E99 /* WyhSocket.m in Sources */,
				7C7F84641F8B1ECD002C3C9A /* FirstViewController.m in Sources */,
				7C3804C01F7DF532000127A7 /* WyhUIImage.m in Sources */,
				7C38047D1F7DEF3A000127A7 /* WyhUIView.m in Sources */,
				7C3804BB1F7DF4AD000127A7 /* WyhUI.m in Sources */,
				7C3804A41F7DF228000127A7 /* WyhUITextField.m in Sources */,
				7C3804911F7DEF89000127A7 /* WyhUIButton.m in Sources */,
				7C3804B21F7DF3AB000127A7 /* WyhImageUtil.m in Sources */,
				7C3804B51F7DF3AB000127A7 /* WyhQrCode.m in Sources */,
				7C3804991F7DF016000127A7 /* WyhUtil.m in Sources */,
				7C3804751F7DEF0E000127A7 /* UIView+WyhUtil.m in Sources */,
				7C3804781F7DEF0E000127A7 /* UIScrollView+WyhUtil.m in Sources */,
				7C7F845F1F8B1DF4002C3C9A /* SecondViewController.m in Sources */,
				7C3804821F7DEF56000127A7 /* WyhUITextView.m in Sources */,
				7C3804C51F7E30D0000127A7 /* WyhLabelType.m in Sources */,
				7C38048C1F7DEF77000127A7 /* WyhUILabel.m in Sources */,
				7C3804871F7DEF66000127A7 /* WyhUIScrollView.m in Sources */,
				7CB04E8E1F7BAEBB00FFF7FD /* WyhSDKUITests.m in Sources */,
			);
			runOnlyForDeploymentPostprocessing = 0;
		};
/* End PBXSourcesBuildPhase section */

/* Begin PBXTargetDependency section */
		7CB04E801F7BAEBB00FFF7FD /* PBXTargetDependency */ = {
			isa = PBXTargetDependency;
			target = 7CB04E621F7BAEBB00FFF7FD /* WyhSDK */;
			targetProxy = 7CB04E7F1F7BAEBB00FFF7FD /* PBXContainerItemProxy */;
		};
		7CB04E8B1F7BAEBB00FFF7FD /* PBXTargetDependency */ = {
			isa = PBXTargetDependency;
			target = 7CB04E621F7BAEBB00FFF7FD /* WyhSDK */;
			targetProxy = 7CB04E8A1F7BAEBB00FFF7FD /* PBXContainerItemProxy */;
		};
/* End PBXTargetDependency section */

/* Begin PBXVariantGroup section */
		7CB04E6C1F7BAEBB00FFF7FD /* Main.storyboard */ = {
			isa = PBXVariantGroup;
			children = (
				7CB04E6D1F7BAEBB00FFF7FD /* Base */,
			);
			name = Main.storyboard;
			sourceTree = "<group>";
		};
		7CB04E741F7BAEBB00FFF7FD /* LaunchScreen.storyboard */ = {
			isa = PBXVariantGroup;
			children = (
				7CB04E751F7BAEBB00FFF7FD /* Base */,
			);
			name = LaunchScreen.storyboard;
			sourceTree = "<group>";
		};
/* End PBXVariantGroup section */

/* Begin XCBuildConfiguration section */
		7CB04E901F7BAEBB00FFF7FD /* Debug */ = {
			isa = XCBuildConfiguration;
			buildSettings = {
				ALWAYS_SEARCH_USER_PATHS = NO;
				CLANG_ANALYZER_NONNULL = YES;
				CLANG_ANALYZER_NUMBER_OBJECT_CONVERSION = YES_AGGRESSIVE;
				CLANG_CXX_LANGUAGE_STANDARD = "gnu++14";
				CLANG_CXX_LIBRARY = "libc++";
				CLANG_ENABLE_MODULES = YES;
				CLANG_ENABLE_OBJC_ARC = YES;
				CLANG_WARN_BLOCK_CAPTURE_AUTORELEASING = YES;
				CLANG_WARN_BOOL_CONVERSION = YES;
				CLANG_WARN_COMMA = YES;
				CLANG_WARN_CONSTANT_CONVERSION = YES;
				CLANG_WARN_DIRECT_OBJC_ISA_USAGE = YES_ERROR;
				CLANG_WARN_DOCUMENTATION_COMMENTS = YES;
				CLANG_WARN_EMPTY_BODY = YES;
				CLANG_WARN_ENUM_CONVERSION = YES;
				CLANG_WARN_INFINITE_RECURSION = YES;
				CLANG_WARN_INT_CONVERSION = YES;
				CLANG_WARN_NON_LITERAL_NULL_CONVERSION = YES;
				CLANG_WARN_OBJC_LITERAL_CONVERSION = YES;
				CLANG_WARN_OBJC_ROOT_CLASS = YES_ERROR;
				CLANG_WARN_RANGE_LOOP_ANALYSIS = YES;
				CLANG_WARN_STRICT_PROTOTYPES = YES;
				CLANG_WARN_SUSPICIOUS_MOVE = YES;
				CLANG_WARN_UNGUARDED_AVAILABILITY = YES_AGGRESSIVE;
				CLANG_WARN_UNREACHABLE_CODE = YES;
				CLANG_WARN__DUPLICATE_METHOD_MATCH = YES;
				CODE_SIGN_IDENTITY = "iPhone Developer";
				COPY_PHASE_STRIP = NO;
				DEBUG_INFORMATION_FORMAT = dwarf;
				ENABLE_STRICT_OBJC_MSGSEND = YES;
				ENABLE_TESTABILITY = YES;
				GCC_C_LANGUAGE_STANDARD = gnu11;
				GCC_DYNAMIC_NO_PIC = NO;
				GCC_NO_COMMON_BLOCKS = YES;
				GCC_OPTIMIZATION_LEVEL = 0;
				GCC_PREPROCESSOR_DEFINITIONS = (
					"DEBUG=1",
					"$(inherited)",
				);
				GCC_WARN_64_TO_32_BIT_CONVERSION = YES;
				GCC_WARN_ABOUT_RETURN_TYPE = YES_ERROR;
				GCC_WARN_UNDECLARED_SELECTOR = YES;
				GCC_WARN_UNINITIALIZED_AUTOS = YES_AGGRESSIVE;
				GCC_WARN_UNUSED_FUNCTION = YES;
				GCC_WARN_UNUSED_VARIABLE = YES;
				IPHONEOS_DEPLOYMENT_TARGET = 11.0;
				MTL_ENABLE_DEBUG_INFO = YES;
				ONLY_ACTIVE_ARCH = YES;
				SDKROOT = iphoneos;
			};
			name = Debug;
		};
		7CB04E911F7BAEBB00FFF7FD /* Release */ = {
			isa = XCBuildConfiguration;
			buildSettings = {
				ALWAYS_SEARCH_USER_PATHS = NO;
				CLANG_ANALYZER_NONNULL = YES;
				CLANG_ANALYZER_NUMBER_OBJECT_CONVERSION = YES_AGGRESSIVE;
				CLANG_CXX_LANGUAGE_STANDARD = "gnu++14";
				CLANG_CXX_LIBRARY = "libc++";
				CLANG_ENABLE_MODULES = YES;
				CLANG_ENABLE_OBJC_ARC = YES;
				CLANG_WARN_BLOCK_CAPTURE_AUTORELEASING = YES;
				CLANG_WARN_BOOL_CONVERSION = YES;
				CLANG_WARN_COMMA = YES;
				CLANG_WARN_CONSTANT_CONVERSION = YES;
				CLANG_WARN_DIRECT_OBJC_ISA_USAGE = YES_ERROR;
				CLANG_WARN_DOCUMENTATION_COMMENTS = YES;
				CLANG_WARN_EMPTY_BODY = YES;
				CLANG_WARN_ENUM_CONVERSION = YES;
				CLANG_WARN_INFINITE_RECURSION = YES;
				CLANG_WARN_INT_CONVERSION = YES;
				CLANG_WARN_NON_LITERAL_NULL_CONVERSION = YES;
				CLANG_WARN_OBJC_LITERAL_CONVERSION = YES;
				CLANG_WARN_OBJC_ROOT_CLASS = YES_ERROR;
				CLANG_WARN_RANGE_LOOP_ANALYSIS = YES;
				CLANG_WARN_STRICT_PROTOTYPES = YES;
				CLANG_WARN_SUSPICIOUS_MOVE = YES;
				CLANG_WARN_UNGUARDED_AVAILABILITY = YES_AGGRESSIVE;
				CLANG_WARN_UNREACHABLE_CODE = YES;
				CLANG_WARN__DUPLICATE_METHOD_MATCH = YES;
				CODE_SIGN_IDENTITY = "iPhone Developer";
				COPY_PHASE_STRIP = NO;
				DEBUG_INFORMATION_FORMAT = "dwarf-with-dsym";
				ENABLE_NS_ASSERTIONS = NO;
				ENABLE_STRICT_OBJC_MSGSEND = YES;
				GCC_C_LANGUAGE_STANDARD = gnu11;
				GCC_NO_COMMON_BLOCKS = YES;
				GCC_WARN_64_TO_32_BIT_CONVERSION = YES;
				GCC_WARN_ABOUT_RETURN_TYPE = YES_ERROR;
				GCC_WARN_UNDECLARED_SELECTOR = YES;
				GCC_WARN_UNINITIALIZED_AUTOS = YES_AGGRESSIVE;
				GCC_WARN_UNUSED_FUNCTION = YES;
				GCC_WARN_UNUSED_VARIABLE = YES;
				IPHONEOS_DEPLOYMENT_TARGET = 11.0;
				MTL_ENABLE_DEBUG_INFO = NO;
				SDKROOT = iphoneos;
				VALIDATE_PRODUCT = YES;
			};
			name = Release;
		};
		7CB04E931F7BAEBB00FFF7FD /* Debug */ = {
			isa = XCBuildConfiguration;
			buildSettings = {
				ASSETCATALOG_COMPILER_APPICON_NAME = AppIcon;
				CODE_SIGN_IDENTITY = "iPhone Distribution: Simpleway Technology (Chongqing) Co., Ltd. (2DVHRQZGMT)";
				CODE_SIGN_STYLE = Manual;
				DEVELOPMENT_TEAM = 2DVHRQZGMT;
				GCC_PREFIX_HEADER = "$(SRCROOT)/WyhSDK/Configuration/WyhUtil/WyhPrefixHeader.pch";
				INFOPLIST_FILE = WyhSDK/Info.plist;
				LD_RUNPATH_SEARCH_PATHS = "$(inherited) @executable_path/Frameworks";
				PRODUCT_BUNDLE_IDENTIFIER = com.simpleway.firebit;
				PRODUCT_NAME = "$(TARGET_NAME)";
				PROVISIONING_PROFILE = "a2c6e9d1-5212-480e-86bc-f9f3f5f70522";
				PROVISIONING_PROFILE_SPECIFIER = com.simpleway.firebit.dev;
				TARGETED_DEVICE_FAMILY = "1,2";
			};
			name = Debug;
		};
		7CB04E941F7BAEBB00FFF7FD /* Release */ = {
			isa = XCBuildConfiguration;
			buildSettings = {
				ASSETCATALOG_COMPILER_APPICON_NAME = AppIcon;
				CODE_SIGN_IDENTITY = "iPhone Distribution: Simpleway Technology (Chongqing) Co., Ltd. (2DVHRQZGMT)";
				CODE_SIGN_STYLE = Manual;
				DEVELOPMENT_TEAM = 2DVHRQZGMT;
				GCC_PREFIX_HEADER = "$(SRCROOT)/WyhSDK/Configuration/WyhUtil/WyhPrefixHeader.pch";
				INFOPLIST_FILE = WyhSDK/Info.plist;
				LD_RUNPATH_SEARCH_PATHS = "$(inherited) @executable_path/Frameworks";
				PRODUCT_BUNDLE_IDENTIFIER = com.simpleway.firebit;
				PRODUCT_NAME = "$(TARGET_NAME)";
				PROVISIONING_PROFILE = "a2c6e9d1-5212-480e-86bc-f9f3f5f70522";
				PROVISIONING_PROFILE_SPECIFIER = com.simpleway.firebit.dev;
				TARGETED_DEVICE_FAMILY = "1,2";
			};
			name = Release;
		};
		7CB04E961F7BAEBB00FFF7FD /* Debug */ = {
			isa = XCBuildConfiguration;
			buildSettings = {
				BUNDLE_LOADER = "$(TEST_HOST)";
				CODE_SIGN_STYLE = Automatic;
				DEVELOPMENT_TEAM = 2DVHRQZGMT;
				INFOPLIST_FILE = WyhSDKTests/Info.plist;
				LD_RUNPATH_SEARCH_PATHS = "$(inherited) @executable_path/Frameworks @loader_path/Frameworks";
				PRODUCT_BUNDLE_IDENTIFIER = simpleway.com.cn.WyhSDKTests;
				PRODUCT_NAME = "$(TARGET_NAME)";
				TARGETED_DEVICE_FAMILY = "1,2";
				TEST_HOST = "$(BUILT_PRODUCTS_DIR)/WyhSDK.app/WyhSDK";
			};
			name = Debug;
		};
		7CB04E971F7BAEBB00FFF7FD /* Release */ = {
			isa = XCBuildConfiguration;
			buildSettings = {
				BUNDLE_LOADER = "$(TEST_HOST)";
				CODE_SIGN_STYLE = Automatic;
				DEVELOPMENT_TEAM = 2DVHRQZGMT;
				INFOPLIST_FILE = WyhSDKTests/Info.plist;
				LD_RUNPATH_SEARCH_PATHS = "$(inherited) @executable_path/Frameworks @loader_path/Frameworks";
				PRODUCT_BUNDLE_IDENTIFIER = simpleway.com.cn.WyhSDKTests;
				PRODUCT_NAME = "$(TARGET_NAME)";
				TARGETED_DEVICE_FAMILY = "1,2";
				TEST_HOST = "$(BUILT_PRODUCTS_DIR)/WyhSDK.app/WyhSDK";
			};
			name = Release;
		};
		7CB04E991F7BAEBB00FFF7FD /* Debug */ = {
			isa = XCBuildConfiguration;
			buildSettings = {
				CODE_SIGN_STYLE = Automatic;
				DEVELOPMENT_TEAM = 2DVHRQZGMT;
				INFOPLIST_FILE = WyhSDKUITests/Info.plist;
				LD_RUNPATH_SEARCH_PATHS = "$(inherited) @executable_path/Frameworks @loader_path/Frameworks";
				PRODUCT_BUNDLE_IDENTIFIER = simpleway.com.cn.WyhSDKUITests;
				PRODUCT_NAME = "$(TARGET_NAME)";
				TARGETED_DEVICE_FAMILY = "1,2";
				TEST_TARGET_NAME = WyhSDK;
			};
			name = Debug;
		};
		7CB04E9A1F7BAEBB00FFF7FD /* Release */ = {
			isa = XCBuildConfiguration;
			buildSettings = {
				CODE_SIGN_STYLE = Automatic;
				DEVELOPMENT_TEAM = 2DVHRQZGMT;
				INFOPLIST_FILE = WyhSDKUITests/Info.plist;
				LD_RUNPATH_SEARCH_PATHS = "$(inherited) @executable_path/Frameworks @loader_path/Frameworks";
				PRODUCT_BUNDLE_IDENTIFIER = simpleway.com.cn.WyhSDKUITests;
				PRODUCT_NAME = "$(TARGET_NAME)";
				TARGETED_DEVICE_FAMILY = "1,2";
				TEST_TARGET_NAME = WyhSDK;
			};
			name = Release;
		};
/* End XCBuildConfiguration section */

/* Begin XCConfigurationList section */
		7CB04E5E1F7BAEBB00FFF7FD /* Build configuration list for PBXProject "WyhSDK" */ = {
			isa = XCConfigurationList;
			buildConfigurations = (
				7CB04E901F7BAEBB00FFF7FD /* Debug */,
				7CB04E911F7BAEBB00FFF7FD /* Release */,
			);
			defaultConfigurationIsVisible = 0;
			defaultConfigurationName = Release;
		};
		7CB04E921F7BAEBB00FFF7FD /* Build configuration list for PBXNativeTarget "WyhSDK" */ = {
			isa = XCConfigurationList;
			buildConfigurations = (
				7CB04E931F7BAEBB00FFF7FD /* Debug */,
				7CB04E941F7BAEBB00FFF7FD /* Release */,
			);
			defaultConfigurationIsVisible = 0;
			defaultConfigurationName = Release;
		};
		7CB04E951F7BAEBB00FFF7FD /* Build configuration list for PBXNativeTarget "WyhSDKTests" */ = {
			isa = XCConfigurationList;
			buildConfigurations = (
				7CB04E961F7BAEBB00FFF7FD /* Debug */,
				7CB04E971F7BAEBB00FFF7FD /* Release */,
			);
			defaultConfigurationIsVisible = 0;
			defaultConfigurationName = Release;
		};
		7CB04E981F7BAEBB00FFF7FD /* Build configuration list for PBXNativeTarget "WyhSDKUITests" */ = {
			isa = XCConfigurationList;
			buildConfigurations = (
				7CB04E991F7BAEBB00FFF7FD /* Debug */,
				7CB04E9A1F7BAEBB00FFF7FD /* Release */,
			);
			defaultConfigurationIsVisible = 0;
			defaultConfigurationName = Release;
		};
/* End XCConfigurationList section */

/* Begin XCVersionGroup section */
		7CB04E6F1F7BAEBB00FFF7FD /* WyhSDK.xcdatamodeld */ = {
			isa = XCVersionGroup;
			children = (
				7CB04E701F7BAEBB00FFF7FD /* WyhSDK.xcdatamodel */,
			);
			currentVersion = 7CB04E701F7BAEBB00FFF7FD /* WyhSDK.xcdatamodel */;
			path = WyhSDK.xcdatamodeld;
			sourceTree = "<group>";
			versionGroupType = wrapper.xcdatamodel;
		};
/* End XCVersionGroup section */
	};
	rootObject = 7CB04E5B1F7BAEBB00FFF7FD /* Project object */;
}
